// !$*UTF8*$!
{
	archiveVersion = 1;
	classes = {
	};
	objectVersion = 46;
	objects = {

/* Begin PBXBuildFile section */
		BD00EB9514479351002540D8 /* UIKit.framework in Frameworks */ = {isa = PBXBuildFile; fileRef = BD00EB9414479351002540D8 /* UIKit.framework */; };
		BD00EB9714479351002540D8 /* Foundation.framework in Frameworks */ = {isa = PBXBuildFile; fileRef = BD00EB9614479351002540D8 /* Foundation.framework */; };
		BD00EB9914479351002540D8 /* CoreGraphics.framework in Frameworks */ = {isa = PBXBuildFile; fileRef = BD00EB9814479351002540D8 /* CoreGraphics.framework */; };
		BD00EB9F14479351002540D8 /* InfoPlist.strings in Resources */ = {isa = PBXBuildFile; fileRef = BD00EB9D14479351002540D8 /* InfoPlist.strings */; };
		BD00EBA114479351002540D8 /* main.m in Sources */ = {isa = PBXBuildFile; fileRef = BD00EBA014479351002540D8 /* main.m */; };
		BD00EBA514479351002540D8 /* TestGitAppDelegate.m in Sources */ = {isa = PBXBuildFile; fileRef = BD00EBA414479351002540D8 /* TestGitAppDelegate.m */; };
		BD00EBA814479351002540D8 /* MainWindow.xib in Resources */ = {isa = PBXBuildFile; fileRef = BD00EBA614479351002540D8 /* MainWindow.xib */; };
		BD00EBB014479351002540D8 /* SenTestingKit.framework in Frameworks */ = {isa = PBXBuildFile; fileRef = BD00EBAF14479351002540D8 /* SenTestingKit.framework */; };
		BD00EBB114479351002540D8 /* UIKit.framework in Frameworks */ = {isa = PBXBuildFile; fileRef = BD00EB9414479351002540D8 /* UIKit.framework */; };
		BD00EBB214479351002540D8 /* Foundation.framework in Frameworks */ = {isa = PBXBuildFile; fileRef = BD00EB9614479351002540D8 /* Foundation.framework */; };
		BD00EBB314479351002540D8 /* CoreGraphics.framework in Frameworks */ = {isa = PBXBuildFile; fileRef = BD00EB9814479351002540D8 /* CoreGraphics.framework */; };
		BD00EBBB14479351002540D8 /* InfoPlist.strings in Resources */ = {isa = PBXBuildFile; fileRef = BD00EBB914479351002540D8 /* InfoPlist.strings */; };
		BD00EBBD14479351002540D8 /* TestGitTests.h in Resources */ = {isa = PBXBuildFile; fileRef = BD00EBBC14479351002540D8 /* TestGitTests.h */; };
		BD00EBBF14479351002540D8 /* TestGitTests.m in Sources */ = {isa = PBXBuildFile; fileRef = BD00EBBE14479351002540D8 /* TestGitTests.m */; };
/* End PBXBuildFile section */

/* Begin PBXContainerItemProxy section */
		BD00EBB414479351002540D8 /* PBXContainerItemProxy */ = {
			isa = PBXContainerItemProxy;
			containerPortal = BD00EB8714479351002540D8 /* Project object */;
			proxyType = 1;
			remoteGlobalIDString = BD00EB8F14479351002540D8;
			remoteInfo = TestGit;
		};
/* End PBXContainerItemProxy section */

/* Begin PBXFileReference section */
		BD00EB9014479351002540D8 /* TestGit.app */ = {isa = PBXFileReference; explicitFileType = wrapper.application; includeInIndex = 0; path = TestGit.app; sourceTree = BUILT_PRODUCTS_DIR; };
		BD00EB9414479351002540D8 /* UIKit.framework */ = {isa = PBXFileReference; lastKnownFileType = wrapper.framework; name = UIKit.framework; path = System/Library/Frameworks/UIKit.framework; sourceTree = SDKROOT; };
		BD00EB9614479351002540D8 /* Foundation.framework */ = {isa = PBXFileReference; lastKnownFileType = wrapper.framework; name = Foundation.framework; path = System/Library/Frameworks/Foundation.framework; sourceTree = SDKROOT; };
		BD00EB9814479351002540D8 /* CoreGraphics.framework */ = {isa = PBXFileReference; lastKnownFileType = wrapper.framework; name = CoreGraphics.framework; path = System/Library/Frameworks/CoreGraphics.framework; sourceTree = SDKROOT; };
		BD00EB9C14479351002540D8 /* TestGit-Info.plist */ = {isa = PBXFileReference; lastKnownFileType = text.plist.xml; path = "TestGit-Info.plist"; sourceTree = "<group>"; };
		BD00EB9E14479351002540D8 /* en */ = {isa = PBXFileReference; lastKnownFileType = text.plist.strings; name = en; path = en.lproj/InfoPlist.strings; sourceTree = "<group>"; };
		BD00EBA014479351002540D8 /* main.m */ = {isa = PBXFileReference; lastKnownFileType = sourcecode.c.objc; path = main.m; sourceTree = "<group>"; };
		BD00EBA214479351002540D8 /* TestGit-Prefix.pch */ = {isa = PBXFileReference; lastKnownFileType = sourcecode.c.h; path = "TestGit-Prefix.pch"; sourceTree = "<group>"; };
		BD00EBA314479351002540D8 /* TestGitAppDelegate.h */ = {isa = PBXFileReference; lastKnownFileType = sourcecode.c.h; path = TestGitAppDelegate.h; sourceTree = "<group>"; };
		BD00EBA414479351002540D8 /* TestGitAppDelegate.m */ = {isa = PBXFileReference; lastKnownFileType = sourcecode.c.objc; path = TestGitAppDelegate.m; sourceTree = "<group>"; };
		BD00EBA714479351002540D8 /* en */ = {isa = PBXFileReference; lastKnownFileType = file.xib; name = en; path = en.lproj/MainWindow.xib; sourceTree = "<group>"; };
		BD00EBAE14479351002540D8 /* TestGitTests.octest */ = {isa = PBXFileReference; explicitFileType = wrapper.cfbundle; includeInIndex = 0; path = TestGitTests.octest; sourceTree = BUILT_PRODUCTS_DIR; };
		BD00EBAF14479351002540D8 /* SenTestingKit.framework */ = {isa = PBXFileReference; lastKnownFileType = wrapper.framework; name = SenTestingKit.framework; path = Library/Frameworks/SenTestingKit.framework; sourceTree = DEVELOPER_DIR; };
		BD00EBB814479351002540D8 /* TestGitTests-Info.plist */ = {isa = PBXFileReference; lastKnownFileType = text.plist.xml; path = "TestGitTests-Info.plist"; sourceTree = "<group>"; };
		BD00EBBA14479351002540D8 /* en */ = {isa = PBXFileReference; lastKnownFileType = text.plist.strings; name = en; path = en.lproj/InfoPlist.strings; sourceTree = "<group>"; };
		BD00EBBC14479351002540D8 /* TestGitTests.h */ = {isa = PBXFileReference; lastKnownFileType = sourcecode.c.h; path = TestGitTests.h; sourceTree = "<group>"; };
		BD00EBBE14479351002540D8 /* TestGitTests.m */ = {isa = PBXFileReference; lastKnownFileType = sourcecode.c.objc; path = TestGitTests.m; sourceTree = "<group>"; };
/* End PBXFileReference section */

/* Begin PBXFrameworksBuildPhase section */
		BD00EB8D14479351002540D8 /* Frameworks */ = {
			isa = PBXFrameworksBuildPhase;
			buildActionMask = 2147483647;
			files = (
				BD00EB9514479351002540D8 /* UIKit.framework in Frameworks */,
				BD00EB9714479351002540D8 /* Foundation.framework in Frameworks */,
				BD00EB9914479351002540D8 /* CoreGraphics.framework in Frameworks */,
			);
			runOnlyForDeploymentPostprocessing = 0;
		};
		BD00EBAA14479351002540D8 /* Frameworks */ = {
			isa = PBXFrameworksBuildPhase;
			buildActionMask = 2147483647;
			files = (
				BD00EBB014479351002540D8 /* SenTestingKit.framework in Frameworks */,
				BD00EBB114479351002540D8 /* UIKit.framework in Frameworks */,
				BD00EBB214479351002540D8 /* Foundation.framework in Frameworks */,
				BD00EBB314479351002540D8 /* CoreGraphics.framework in Frameworks */,
			);
			runOnlyForDeploymentPostprocessing = 0;
		};
/* End PBXFrameworksBuildPhase section */

/* Begin PBXGroup section */
		BD00EB8514479351002540D8 = {
			isa = PBXGroup;
			children = (
				BD00EB9A14479351002540D8 /* TestGit */,
				BD00EBB614479351002540D8 /* TestGitTests */,
				BD00EB9314479351002540D8 /* Frameworks */,
				BD00EB9114479351002540D8 /* Products */,
			);
			sourceTree = "<group>";
		};
		BD00EB9114479351002540D8 /* Products */ = {
			isa = PBXGroup;
			children = (
				BD00EB9014479351002540D8 /* TestGit.app */,
				BD00EBAE14479351002540D8 /* TestGitTests.octest */,
			);
			name = Products;
			sourceTree = "<group>";
		};
		BD00EB9314479351002540D8 /* Frameworks */ = {
			isa = PBXGroup;
			children = (
				BD00EB9414479351002540D8 /* UIKit.framework */,
				BD00EB9614479351002540D8 /* Foundation.framework */,
				BD00EB9814479351002540D8 /* CoreGraphics.framework */,
				BD00EBAF14479351002540D8 /* SenTestingKit.framework */,
			);
			name = Frameworks;
			sourceTree = "<group>";
		};
		BD00EB9A14479351002540D8 /* TestGit */ = {
			isa = PBXGroup;
			children = (
				BD00EBA314479351002540D8 /* TestGitAppDelegate.h */,
				BD00EBA414479351002540D8 /* TestGitAppDelegate.m */,
				BD00EBA614479351002540D8 /* MainWindow.xib */,
				BD00EB9B14479351002540D8 /* Supporting Files */,
			);
			path = TestGit;
			sourceTree = "<group>";
		};
		BD00EB9B14479351002540D8 /* Supporting Files */ = {
			isa = PBXGroup;
			children = (
				BD00EB9C14479351002540D8 /* TestGit-Info.plist */,
				BD00EB9D14479351002540D8 /* InfoPlist.strings */,
				BD00EBA014479351002540D8 /* main.m */,
				BD00EBA214479351002540D8 /* TestGit-Prefix.pch */,
			);
			name = "Supporting Files";
			sourceTree = "<group>";
		};
		BD00EBB614479351002540D8 /* TestGitTests */ = {
			isa = PBXGroup;
			children = (
				BD00EBBC14479351002540D8 /* TestGitTests.h */,
				BD00EBBE14479351002540D8 /* TestGitTests.m */,
				BD00EBB714479351002540D8 /* Supporting Files */,
			);
			path = TestGitTests;
			sourceTree = "<group>";
		};
		BD00EBB714479351002540D8 /* Supporting Files */ = {
			isa = PBXGroup;
			children = (
				BD00EBB814479351002540D8 /* TestGitTests-Info.plist */,
				BD00EBB914479351002540D8 /* InfoPlist.strings */,
			);
			name = "Supporting Files";
			sourceTree = "<group>";
		};
/* End PBXGroup section */

/* Begin PBXNativeTarget section */
		BD00EB8F14479351002540D8 /* TestGit */ = {
			isa = PBXNativeTarget;
			buildConfigurationList = BD00EBC214479351002540D8 /* Build configuration list for PBXNativeTarget "TestGit" */;
			buildPhases = (
				BD00EB8C14479351002540D8 /* Sources */,
				BD00EB8D14479351002540D8 /* Frameworks */,
				BD00EB8E14479351002540D8 /* Resources */,
			);
			buildRules = (
			);
			dependencies = (
			);
			name = TestGit;
			productName = TestGit;
			productReference = BD00EB9014479351002540D8 /* TestGit.app */;
			productType = "com.apple.product-type.application";
		};
		BD00EBAD14479351002540D8 /* TestGitTests */ = {
			isa = PBXNativeTarget;
			buildConfigurationList = BD00EBC514479351002540D8 /* Build configuration list for PBXNativeTarget "TestGitTests" */;
			buildPhases = (
				BD00EBA914479351002540D8 /* Sources */,
				BD00EBAA14479351002540D8 /* Frameworks */,
				BD00EBAB14479351002540D8 /* Resources */,
				BD00EBAC14479351002540D8 /* ShellScript */,
			);
			buildRules = (
			);
			dependencies = (
				BD00EBB514479351002540D8 /* PBXTargetDependency */,
			);
			name = TestGitTests;
			productName = TestGitTests;
			productReference = BD00EBAE14479351002540D8 /* TestGitTests.octest */;
			productType = "com.apple.product-type.bundle";
		};
/* End PBXNativeTarget section */

/* Begin PBXProject section */
		BD00EB8714479351002540D8 /* Project object */ = {
			isa = PBXProject;
			attributes = {
				ORGANIZATIONNAME = UNFCU;
			};
			buildConfigurationList = BD00EB8A14479351002540D8 /* Build configuration list for PBXProject "TestGit" */;
			compatibilityVersion = "Xcode 3.2";
			developmentRegion = English;
			hasScannedForEncodings = 0;
			knownRegions = (
				en,
			);
			mainGroup = BD00EB8514479351002540D8;
			productRefGroup = BD00EB9114479351002540D8 /* Products */;
			projectDirPath = "";
			projectRoot = "";
			targets = (
				BD00EB8F14479351002540D8 /* TestGit */,
				BD00EBAD14479351002540D8 /* TestGitTests */,
			);
		};
/* End PBXProject section */

/* Begin PBXResourcesBuildPhase section */
		BD00EB8E14479351002540D8 /* Resources */ = {
			isa = PBXResourcesBuildPhase;
			buildActionMask = 2147483647;
			files = (
				BD00EB9F14479351002540D8 /* InfoPlist.strings in Resources */,
				BD00EBA814479351002540D8 /* MainWindow.xib in Resources */,
			);
			runOnlyForDeploymentPostprocessing = 0;
		};
		BD00EBAB14479351002540D8 /* Resources */ = {
			isa = PBXResourcesBuildPhase;
			buildActionMask = 2147483647;
			files = (
				BD00EBBB14479351002540D8 /* InfoPlist.strings in Resources */,
				BD00EBBD14479351002540D8 /* TestGitTests.h in Resources */,
			);
			runOnlyForDeploymentPostprocessing = 0;
		};
/* End PBXResourcesBuildPhase section */

/* Begin PBXShellScriptBuildPhase section */
		BD00EBAC14479351002540D8 /* ShellScript */ = {
			isa = PBXShellScriptBuildPhase;
			buildActionMask = 2147483647;
			files = (
			);
			inputPaths = (
			);
			outputPaths = (
			);
			runOnlyForDeploymentPostprocessing = 0;
			shellPath = /bin/sh;
			shellScript = "# Run the unit tests in this test bundle.\n\"${SYSTEM_DEVELOPER_DIR}/Tools/RunUnitTests\"\n";
		};
/* End PBXShellScriptBuildPhase section */

/* Begin PBXSourcesBuildPhase section */
		BD00EB8C14479351002540D8 /* Sources */ = {
			isa = PBXSourcesBuildPhase;
			buildActionMask = 2147483647;
			files = (
				BD00EBA114479351002540D8 /* main.m in Sources */,
				BD00EBA514479351002540D8 /* TestGitAppDelegate.m in Sources */,
			);
			runOnlyForDeploymentPostprocessing = 0;
		};
		BD00EBA914479351002540D8 /* Sources */ = {
			isa = PBXSourcesBuildPhase;
			buildActionMask = 2147483647;
			files = (
				BD00EBBF14479351002540D8 /* TestGitTests.m in Sources */,
			);
			runOnlyForDeploymentPostprocessing = 0;
		};
/* End PBXSourcesBuildPhase section */

/* Begin PBXTargetDependency section */
		BD00EBB514479351002540D8 /* PBXTargetDependency */ = {
			isa = PBXTargetDependency;
			target = BD00EB8F14479351002540D8 /* TestGit */;
			targetProxy = BD00EBB414479351002540D8 /* PBXContainerItemProxy */;
		};
/* End PBXTargetDependency section */

/* Begin PBXVariantGroup section */
		BD00EB9D14479351002540D8 /* InfoPlist.strings */ = {
			isa = PBXVariantGroup;
			children = (
				BD00EB9E14479351002540D8 /* en */,
			);
			name = InfoPlist.strings;
			sourceTree = "<group>";
		};
		BD00EBA614479351002540D8 /* MainWindow.xib */ = {
			isa = PBXVariantGroup;
			children = (
				BD00EBA714479351002540D8 /* en */,
			);
			name = MainWindow.xib;
			sourceTree = "<group>";
		};
		BD00EBB914479351002540D8 /* InfoPlist.strings */ = {
			isa = PBXVariantGroup;
			children = (
				BD00EBBA14479351002540D8 /* en */,
			);
			name = InfoPlist.strings;
			sourceTree = "<group>";
		};
/* End PBXVariantGroup section */

/* Begin XCBuildConfiguration section */
		BD00EBC014479351002540D8 /* Debug */ = {
			isa = XCBuildConfiguration;
			buildSettings = {
				ALWAYS_SEARCH_USER_PATHS = NO;
				ARCHS = "$(ARCHS_STANDARD_32_BIT)";
				"CODE_SIGN_IDENTITY[sdk=iphoneos*]" = "iPhone Developer";
				COPY_PHASE_STRIP = NO;
				GCC_C_LANGUAGE_STANDARD = gnu99;
				GCC_DYNAMIC_NO_PIC = NO;
				GCC_OPTIMIZATION_LEVEL = 0;
				GCC_PREPROCESSOR_DEFINITIONS = (
					"DEBUG=1",
					"$(inherited)",
				);
				GCC_SYMBOLS_PRIVATE_EXTERN = NO;
				GCC_VERSION = com.apple.compilers.llvmgcc42;
				GCC_WARN_ABOUT_MISSING_PROTOTYPES = YES;
				GCC_WARN_ABOUT_RETURN_TYPE = YES;
				GCC_WARN_UNUSED_VARIABLE = YES;
				IPHONEOS_DEPLOYMENT_TARGET = 4.3;
				SDKROOT = iphoneos;
			};
			name = Debug;
		};
		BD00EBC114479351002540D8 /* Release */ = {
			isa = XCBuildConfiguration;
			buildSettings = {
				ALWAYS_SEARCH_USER_PATHS = NO;
				ARCHS = "$(ARCHS_STANDARD_32_BIT)";
				"CODE_SIGN_IDENTITY[sdk=iphoneos*]" = "iPhone Developer";
				COPY_PHASE_STRIP = YES;
				GCC_C_LANGUAGE_STANDARD = gnu99;
				GCC_VERSION = com.apple.compilers.llvmgcc42;
				GCC_WARN_ABOUT_MISSING_PROTOTYPES = YES;
				GCC_WARN_ABOUT_RETURN_TYPE = YES;
				GCC_WARN_UNUSED_VARIABLE = YES;
				IPHONEOS_DEPLOYMENT_TARGET = 4.3;
				OTHER_CFLAGS = "-DNS_BLOCK_ASSERTIONS=1";
				SDKROOT = iphoneos;
				VALIDATE_PRODUCT = YES;
			};
			name = Release;
		};
		BD00EBC314479351002540D8 /* Debug */ = {
			isa = XCBuildConfiguration;
			buildSettings = {
				GCC_PRECOMPILE_PREFIX_HEADER = YES;
				GCC_PREFIX_HEADER = "TestGit/TestGit-Prefix.pch";
				INFOPLIST_FILE = "TestGit/TestGit-Info.plist";
				PRODUCT_NAME = "$(TARGET_NAME)";
				WRAPPER_EXTENSION = app;
			};
			name = Debug;
		};
		BD00EBC414479351002540D8 /* Release */ = {
			isa = XCBuildConfiguration;
			buildSettings = {
				GCC_PRECOMPILE_PREFIX_HEADER = YES;
				GCC_PREFIX_HEADER = "TestGit/TestGit-Prefix.pch";
				INFOPLIST_FILE = "TestGit/TestGit-Info.plist";
				PRODUCT_NAME = "$(TARGET_NAME)";
				WRAPPER_EXTENSION = app;
			};
			name = Release;
		};
		BD00EBC614479351002540D8 /* Debug */ = {
			isa = XCBuildConfiguration;
			buildSettings = {
				BUNDLE_LOADER = "$(BUILT_PRODUCTS_DIR)/TestGit.app/TestGit";
				FRAMEWORK_SEARCH_PATHS = (
					"$(SDKROOT)/Developer/Library/Frameworks",
					"$(DEVELOPER_LIBRARY_DIR)/Frameworks",
				);
				GCC_PRECOMPILE_PREFIX_HEADER = YES;
				GCC_PREFIX_HEADER = "TestGit/TestGit-Prefix.pch";
				INFOPLIST_FILE = "TestGitTests/TestGitTests-Info.plist";
				PRODUCT_NAME = "$(TARGET_NAME)";
				TEST_HOST = "$(BUNDLE_LOADER)";
				WRAPPER_EXTENSION = octest;
			};
			name = Debug;
		};
		BD00EBC714479351002540D8 /* Release */ = {
			isa = XCBuildConfiguration;
			buildSettings = {
				BUNDLE_LOADER = "$(BUILT_PRODUCTS_DIR)/TestGit.app/TestGit";
				FRAMEWORK_SEARCH_PATHS = (
					"$(SDKROOT)/Developer/Library/Frameworks",
					"$(DEVELOPER_LIBRARY_DIR)/Frameworks",
				);
				GCC_PRECOMPILE_PREFIX_HEADER = YES;
				GCC_PREFIX_HEADER = "TestGit/TestGit-Prefix.pch";
				INFOPLIST_FILE = "TestGitTests/TestGitTests-Info.plist";
				PRODUCT_NAME = "$(TARGET_NAME)";
				TEST_HOST = "$(BUNDLE_LOADER)";
				WRAPPER_EXTENSION = octest;
			};
			name = Release;
		};
/* End XCBuildConfiguration section */

/* Begin XCConfigurationList section */
		BD00EB8A14479351002540D8 /* Build configuration list for PBXProject "TestGit" */ = {
			isa = XCConfigurationList;
			buildConfigurations = (
				BD00EBC014479351002540D8 /* Debug */,
				BD00EBC114479351002540D8 /* Release */,
			);
			defaultConfigurationIsVisible = 0;
			defaultConfigurationName = Release;
		};
		BD00EBC214479351002540D8 /* Build configuration list for PBXNativeTarget "TestGit" */ = {
			isa = XCConfigurationList;
			buildConfigurations = (
				BD00EBC314479351002540D8 /* Debug */,
				BD00EBC414479351002540D8 /* Release */,
			);
			defaultConfigurationIsVisible = 0;
		};
		BD00EBC514479351002540D8 /* Build configuration list for PBXNativeTarget "TestGitTests" */ = {
			isa = XCConfigurationList;
			buildConfigurations = (
				BD00EBC614479351002540D8 /* Debug */,
				BD00EBC714479351002540D8 /* Release */,
			);
			defaultConfigurationIsVisible = 0;
		};
/* End XCConfigurationList section */
	};
	rootObject = BD00EB8714479351002540D8 /* Project object */;
}
